// !$*UTF8*$!
{
	archiveVersion = 1;
	classes = {
	};
	objectVersion = 55;
	objects = {

/* Begin PBXBuildFile section */
		AF60D955298D4D6C00BA3385 /* Questions.swift in Sources */ = {isa = PBXBuildFile; fileRef = AF60D954298D4D6C00BA3385 /* Questions.swift */; };
		AF60D95A298D822E00BA3385 /* QuizBrain.swift in Sources */ = {isa = PBXBuildFile; fileRef = AF60D959298D822E00BA3385 /* QuizBrain.swift */; };
		AFD2F247298C026B00190CA7 /* AppDelegate.swift in Sources */ = {isa = PBXBuildFile; fileRef = AFD2F246298C026B00190CA7 /* AppDelegate.swift */; };
		AFD2F249298C026B00190CA7 /* SceneDelegate.swift in Sources */ = {isa = PBXBuildFile; fileRef = AFD2F248298C026B00190CA7 /* SceneDelegate.swift */; };
		AFD2F24B298C026B00190CA7 /* ViewController.swift in Sources */ = {isa = PBXBuildFile; fileRef = AFD2F24A298C026B00190CA7 /* ViewController.swift */; };
		AFD2F24E298C026B00190CA7 /* Main.storyboard in Resources */ = {isa = PBXBuildFile; fileRef = AFD2F24C298C026B00190CA7 /* Main.storyboard */; };
		AFD2F250298C026C00190CA7 /* Assets.xcassets in Resources */ = {isa = PBXBuildFile; fileRef = AFD2F24F298C026C00190CA7 /* Assets.xcassets */; };
		AFD2F253298C026C00190CA7 /* LaunchScreen.storyboard in Resources */ = {isa = PBXBuildFile; fileRef = AFD2F251298C026C00190CA7 /* LaunchScreen.storyboard */; };
/* End PBXBuildFile section */

/* Begin PBXFileReference section */
		AF60D954298D4D6C00BA3385 /* Questions.swift */ = {isa = PBXFileReference; lastKnownFileType = sourcecode.swift; path = Questions.swift; sourceTree = "<group>"; };
		AF60D959298D822E00BA3385 /* QuizBrain.swift */ = {isa = PBXFileReference; lastKnownFileType = sourcecode.swift; path = QuizBrain.swift; sourceTree = "<group>"; };
		AFD2F243298C026B00190CA7 /* MyQuizzler.app */ = {isa = PBXFileReference; explicitFileType = wrapper.application; includeInIndex = 0; path = MyQuizzler.app; sourceTree = BUILT_PRODUCTS_DIR; };
		AFD2F246298C026B00190CA7 /* AppDelegate.swift */ = {isa = PBXFileReference; lastKnownFileType = sourcecode.swift; path = AppDelegate.swift; sourceTree = "<group>"; };
		AFD2F248298C026B00190CA7 /* SceneDelegate.swift */ = {isa = PBXFileReference; lastKnownFileType = sourcecode.swift; path = SceneDelegate.swift; sourceTree = "<group>"; };
		AFD2F24A298C026B00190CA7 /* ViewController.swift */ = {isa = PBXFileReference; lastKnownFileType = sourcecode.swift; path = ViewController.swift; sourceTree = "<group>"; };
		AFD2F24D298C026B00190CA7 /* Base */ = {isa = PBXFileReference; lastKnownFileType = file.storyboard; name = Base; path = Base.lproj/Main.storyboard; sourceTree = "<group>"; };
		AFD2F24F298C026C00190CA7 /* Assets.xcassets */ = {isa = PBXFileReference; lastKnownFileType = folder.assetcatalog; path = Assets.xcassets; sourceTree = "<group>"; };
		AFD2F252298C026C00190CA7 /* Base */ = {isa = PBXFileReference; lastKnownFileType = file.storyboard; name = Base; path = Base.lproj/LaunchScreen.storyboard; sourceTree = "<group>"; };
		AFD2F254298C026C00190CA7 /* Info.plist */ = {isa = PBXFileReference; lastKnownFileType = text.plist.xml; path = Info.plist; sourceTree = "<group>"; };
/* End PBXFileReference section */

/* Begin PBXFrameworksBuildPhase section */
		AFD2F240298C026B00190CA7 /* Frameworks */ = {
			isa = PBXFrameworksBuildPhase;
			buildActionMask = 2147483647;
			files = (
			);
			runOnlyForDeploymentPostprocessing = 0;
		};
/* End PBXFrameworksBuildPhase section */

/* Begin PBXGroup section */
		AF60D956298D817B00BA3385 /* Model */ = {
			isa = PBXGroup;
			children = (
				AF60D954298D4D6C00BA3385 /* Questions.swift */,
				AF60D959298D822E00BA3385 /* QuizBrain.swift */,
			);
			path = Model;
			sourceTree = "<group>";
		};
		AF60D957298D819B00BA3385 /* View */ = {
			isa = PBXGroup;
			children = (
				AFD2F24C298C026B00190CA7 /* Main.storyboard */,
			);
			path = View;
			sourceTree = "<group>";
		};
		AF60D958298D81A600BA3385 /* Controller */ = {
			isa = PBXGroup;
			children = (
				AFD2F24A298C026B00190CA7 /* ViewController.swift */,
			);
			path = Controller;
			sourceTree = "<group>";
		};
		AFD2F23A298C026B00190CA7 = {
			isa = PBXGroup;
			children = (
				AFD2F245298C026B00190CA7 /* MyQuizzler */,
				AFD2F244298C026B00190CA7 /* Products */,
			);
			sourceTree = "<group>";
		};
		AFD2F244298C026B00190CA7 /* Products */ = {
			isa = PBXGroup;
			children = (
				AFD2F243298C026B00190CA7 /* MyQuizzler.app */,
			);
			name = Products;
			sourceTree = "<group>";
		};
		AFD2F245298C026B00190CA7 /* MyQuizzler */ = {
			isa = PBXGroup;
			children = (
				AFD2F246298C026B00190CA7 /* AppDelegate.swift */,
				AFD2F248298C026B00190CA7 /* SceneDelegate.swift */,
				AF60D956298D817B00BA3385 /* Model */,
				AF60D957298D819B00BA3385 /* View */,
				AF60D958298D81A600BA3385 /* Controller */,
				AFD2F24F298C026C00190CA7 /* Assets.xcassets */,
				AFD2F251298C026C00190CA7 /* LaunchScreen.storyboard */,
				AFD2F254298C026C00190CA7 /* Info.plist */,
			);
			path = MyQuizzler;
			sourceTree = "<group>";
		};
/* End PBXGroup section */

/* Begin PBXNativeTarget section */
		AFD2F242298C026B00190CA7 /* MyQuizzler */ = {
			isa = PBXNativeTarget;
			buildConfigurationList = AFD2F257298C026C00190CA7 /* Build configuration list for PBXNativeTarget "MyQuizzler" */;
			buildPhases = (
				AFD2F23F298C026B00190CA7 /* Sources */,
				AFD2F240298C026B00190CA7 /* Frameworks */,
				AFD2F241298C026B00190CA7 /* Resources */,
			);
			buildRules = (
			);
			dependencies = (
			);
			name = MyQuizzler;
			productName = MyQuizzler;
			productReference = AFD2F243298C026B00190CA7 /* MyQuizzler.app */;
			productType = "com.apple.product-type.application";
		};
/* End PBXNativeTarget section */

/* Begin PBXProject section */
		AFD2F23B298C026B00190CA7 /* Project object */ = {
			isa = PBXProject;
			attributes = {
				BuildIndependentTargetsInParallel = 1;
				LastSwiftUpdateCheck = 1340;
				LastUpgradeCheck = 1340;
				TargetAttributes = {
					AFD2F242298C026B00190CA7 = {
						CreatedOnToolsVersion = 13.4.1;
					};
				};
			};
			buildConfigurationList = AFD2F23E298C026B00190CA7 /* Build configuration list for PBXProject "MyQuizzler" */;
			compatibilityVersion = "Xcode 13.0";
			developmentRegion = en;
			hasScannedForEncodings = 0;
			knownRegions = (
				en,
				Base,
			);
			mainGroup = AFD2F23A298C026B00190CA7;
			productRefGroup = AFD2F244298C026B00190CA7 /* Products */;
			projectDirPath = "";
			projectRoot = "";
			targets = (
				AFD2F242298C026B00190CA7 /* MyQuizzler */,
			);
		};
/* End PBXProject section */

/* Begin PBXResourcesBuildPhase section */
		AFD2F241298C026B00190CA7 /* Resources */ = {
			isa = PBXResourcesBuildPhase;
			buildActionMask = 2147483647;
			files = (
				AFD2F253298C026C00190CA7 /* LaunchScreen.storyboard in Resources */,
				AFD2F250298C026C00190CA7 /* Assets.xcassets in Resources */,
				AFD2F24E298C026B00190CA7 /* Main.storyboard in Resources */,
			);
			runOnlyForDeploymentPostprocessing = 0;
		};
/* End PBXResourcesBuildPhase section */

/* Begin PBXSourcesBuildPhase section */
		AFD2F23F298C026B00190CA7 /* Sources */ = {
			isa = PBXSourcesBuildPhase;
			buildActionMask = 2147483647;
			files = (
				AF60D95A298D822E00BA3385 /* QuizBrain.swift in Sources */,
				AFD2F24B298C026B00190CA7 /* ViewController.swift in Sources */,
				AF60D955298D4D6C00BA3385 /* Questions.swift in Sources */,
				AFD2F247298C026B00190CA7 /* AppDelegate.swift in Sources */,
				AFD2F249298C026B00190CA7 /* SceneDelegate.swift in Sources */,
			);
			runOnlyForDeploymentPostprocessing = 0;
		};
/* End PBXSourcesBuildPhase section */

/* Begin PBXVariantGroup section */
		AFD2F24C298C026B00190CA7 /* Main.storyboard */ = {
			isa = PBXVariantGroup;
			children = (
				AFD2F24D298C026B00190CA7 /* Base */,
			);
			name = Main.storyboard;
			sourceTree = "<group>";
		};
		AFD2F251298C026C00190CA7 /* LaunchScreen.storyboard */ = {
			isa = PBXVariantGroup;
			children = (
				AFD2F252298C026C00190CA7 /* Base */,
			);
			name = LaunchScreen.storyboard;
			sourceTree = "<group>";
		};
/* End PBXVariantGroup section */

/* Begin XCBuildConfiguration section */
		AFD2F255298C026C00190CA7 /* Debug */ = {
			isa = XCBuildConfiguration;
			buildSettings = {
				ALWAYS_SEARCH_USER_PATHS = NO;
				CLANG_ANALYZER_NONNULL = YES;
				CLANG_ANALYZER_NUMBER_OBJECT_CONVERSION = YES_AGGRESSIVE;
				CLANG_CXX_LANGUAGE_STANDARD = "gnu++17";
				CLANG_ENABLE_MODULES = YES;
				CLANG_ENABLE_OBJC_ARC = YES;
				CLANG_ENABLE_OBJC_WEAK = YES;
				CLANG_WARN_BLOCK_CAPTURE_AUTORELEASING = YES;
				CLANG_WARN_BOOL_CONVERSION = YES;
				CLANG_WARN_COMMA = YES;
				CLANG_WARN_CONSTANT_CONVERSION = YES;
				CLANG_WARN_DEPRECATED_OBJC_IMPLEMENTATIONS = YES;
				CLANG_WARN_DIRECT_OBJC_ISA_USAGE = YES_ERROR;
				CLANG_WARN_DOCUMENTATION_COMMENTS = YES;
				CLANG_WARN_EMPTY_BODY = YES;
				CLANG_WARN_ENUM_CONVERSION = YES;
				CLANG_WARN_INFINITE_RECURSION = YES;
				CLANG_WARN_INT_CONVERSION = YES;
				CLANG_WARN_NON_LITERAL_NULL_CONVERSION = YES;
				CLANG_WARN_OBJC_IMPLICIT_RETAIN_SELF = YES;
				CLANG_WARN_OBJC_LITERAL_CONVERSION = YES;
				CLANG_WARN_OBJC_ROOT_CLASS = YES_ERROR;
				CLANG_WARN_QUOTED_INCLUDE_IN_FRAMEWORK_HEADER = YES;
				CLANG_WARN_RANGE_LOOP_ANALYSIS = YES;
				CLANG_WARN_STRICT_PROTOTYPES = YES;
				CLANG_WARN_SUSPICIOUS_MOVE = YES;
				CLANG_WARN_UNGUARDED_AVAILABILITY = YES_AGGRESSIVE;
				CLANG_WARN_UNREACHABLE_CODE = YES;
				CLANG_WARN__DUPLICATE_METHOD_MATCH = YES;
				COPY_PHASE_STRIP = NO;
				DEBUG_INFORMATION_FORMAT = dwarf;
				ENABLE_STRICT_OBJC_MSGSEND = YES;
				ENABLE_TESTABILITY = YES;
				GCC_C_LANGUAGE_STANDARD = gnu11;
				GCC_DYNAMIC_NO_PIC = NO;
				GCC_NO_COMMON_BLOCKS = YES;
				GCC_OPTIMIZATION_LEVEL = 0;
				GCC_PREPROCESSOR_DEFINITIONS = (
					"DEBUG=1",
					"$(inherited)",
				);
				GCC_WARN_64_TO_32_BIT_CONVERSION = YES;
				GCC_WARN_ABOUT_RETURN_TYPE = YES_ERROR;
				GCC_WARN_UNDECLARED_SELECTOR = YES;
				GCC_WARN_UNINITIALIZED_AUTOS = YES_AGGRESSIVE;
				GCC_WARN_UNUSED_FUNCTION = YES;
				GCC_WARN_UNUSED_VARIABLE = YES;
				IPHONEOS_DEPLOYMENT_TARGET = 15.5;
				MTL_ENABLE_DEBUG_INFO = INCLUDE_SOURCE;
				MTL_FAST_MATH = YES;
				ONLY_ACTIVE_ARCH = YES;
				SDKROOT = iphoneos;
				SWIFT_ACTIVE_COMPILATION_CONDITIONS = DEBUG;
				SWIFT_OPTIMIZATION_LEVEL = "-Onone";
			};
			name = Debug;
		};
		AFD2F256298C026C00190CA7 /* Release */ = {
			isa = XCBuildConfiguration;
			buildSettings = {
				ALWAYS_SEARCH_USER_PATHS = NO;
				CLANG_ANALYZER_NONNULL = YES;
				CLANG_ANALYZER_NUMBER_OBJECT_CONVERSION = YES_AGGRESSIVE;
				CLANG_CXX_LANGUAGE_STANDARD = "gnu++17";
				CLANG_ENABLE_MODULES = YES;
				CLANG_ENABLE_OBJC_ARC = YES;
				CLANG_ENABLE_OBJC_WEAK = YES;
				CLANG_WARN_BLOCK_CAPTURE_AUTORELEASING = YES;
				CLANG_WARN_BOOL_CONVERSION = YES;
				CLANG_WARN_COMMA = YES;
				CLANG_WARN_CONSTANT_CONVERSION = YES;
				CLANG_WARN_DEPRECATED_OBJC_IMPLEMENTATIONS = YES;
				CLANG_WARN_DIRECT_OBJC_ISA_USAGE = YES_ERROR;
				CLANG_WARN_DOCUMENTATION_COMMENTS = YES;
				CLANG_WARN_EMPTY_BODY = YES;
				CLANG_WARN_ENUM_CONVERSION = YES;
				CLANG_WARN_INFINITE_RECURSION = YES;
				CLANG_WARN_INT_CONVERSION = YES;
				CLANG_WARN_NON_LITERAL_NULL_CONVERSION = YES;
				CLANG_WARN_OBJC_IMPLICIT_RETAIN_SELF = YES;
				CLANG_WARN_OBJC_LITERAL_CONVERSION = YES;
				CLANG_WARN_OBJC_ROOT_CLASS = YES_ERROR;
				CLANG_WARN_QUOTED_INCLUDE_IN_FRAMEWORK_HEADER = YES;
				CLANG_WARN_RANGE_LOOP_ANALYSIS = YES;
				CLANG_WARN_STRICT_PROTOTYPES = YES;
				CLANG_WARN_SUSPICIOUS_MOVE = YES;
				CLANG_WARN_UNGUARDED_AVAILABILITY = YES_AGGRESSIVE;
				CLANG_WARN_UNREACHABLE_CODE = YES;
				CLANG_WARN__DUPLICATE_METHOD_MATCH = YES;
				COPY_PHASE_STRIP = NO;
				DEBUG_INFORMATION_FORMAT = "dwarf-with-dsym";
				ENABLE_NS_ASSERTIONS = NO;
				ENABLE_STRICT_OBJC_MSGSEND = YES;
				GCC_C_LANGUAGE_STANDARD = gnu11;
				GCC_NO_COMMON_BLOCKS = YES;
				GCC_WARN_64_TO_32_BIT_CONVERSION = YES;
				GCC_WARN_ABOUT_RETURN_TYPE = YES_ERROR;
				GCC_WARN_UNDECLARED_SELECTOR = YES;
				GCC_WARN_UNINITIALIZED_AUTOS = YES_AGGRESSIVE;
				GCC_WARN_UNUSED_FUNCTION = YES;
				GCC_WARN_UNUSED_VARIABLE = YES;
				IPHONEOS_DEPLOYMENT_TARGET = 15.5;
				MTL_ENABLE_DEBUG_INFO = NO;
				MTL_FAST_MATH = YES;
				SDKROOT = iphoneos;
				SWIFT_COMPILATION_MODE = wholemodule;
				SWIFT_OPTIMIZATION_LEVEL = "-O";
				VALIDATE_PRODUCT = YES;
			};
			name = Release;
		};
		AFD2F258298C026C00190CA7 /* Debug */ = {
			isa = XCBuildConfiguration;
			buildSettings = {
				ASSETCATALOG_COMPILER_APPICON_NAME = AppIcon;
				ASSETCATALOG_COMPILER_GLOBAL_ACCENT_COLOR_NAME = AccentColor;
				CODE_SIGN_STYLE = Automatic;
				CURRENT_PROJECT_VERSION = 1;
				DEVELOPMENT_TEAM = V89KHWNJND;
				GENERATE_INFOPLIST_FILE = YES;
				INFOPLIST_FILE = MyQuizzler/Info.plist;
				INFOPLIST_KEY_UIApplicationSupportsIndirectInputEvents = YES;
				INFOPLIST_KEY_UILaunchStoryboardName = LaunchScreen;
				INFOPLIST_KEY_UIMainStoryboardFile = Main;
				INFOPLIST_KEY_UISupportedInterfaceOrientations = "UIInterfaceOrientationPortrait UIInterfaceOrientationLandscapeLeft UIInterfaceOrientationLandscapeRight";
				INFOPLIST_KEY_UISupportedInterfaceOrientations_iPad = "UIInterfaceOrientationPortrait UIInterfaceOrientationPortraitUpsideDown UIInterfaceOrientationLandscapeLeft UIInterfaceOrientationLandscapeRight";
				INFOPLIST_KEY_UISupportedInterfaceOrientations_iPhone = "UIInterfaceOrientationPortrait UIInterfaceOrientationLandscapeLeft UIInterfaceOrientationLandscapeRight";
				IPHONEOS_DEPLOYMENT_TARGET = 15.0;
				LD_RUNPATH_SEARCH_PATHS = (
					"$(inherited)",
					"@executable_path/Frameworks",
				);
				MARKETING_VERSION = 1.0;
				PRODUCT_BUNDLE_IDENTIFIER = Basic.MyQuizzler;
				PRODUCT_NAME = "$(TARGET_NAME)";
				SWIFT_EMIT_LOC_STRINGS = YES;
				SWIFT_VERSION = 5.0;
				TARGETED_DEVICE_FAMILY = 1;
			};
			name = Debug;
		};
		AFD2F259298C026C00190CA7 /* Release */ = {
			isa = XCBuildConfiguration;
			buildSettings = {
				ASSETCATALOG_COMPILER_APPICON_NAME = AppIcon;
				ASSETCATALOG_COMPILER_GLOBAL_ACCENT_COLOR_NAME = AccentColor;
				CODE_SIGN_STYLE = Automatic;
				CURRENT_PROJECT_VERSION = 1;
				DEVELOPMENT_TEAM = V89KHWNJND;
				GENERATE_INFOPLIST_FILE = YES;
				INFOPLIST_FILE = MyQuizzler/Info.plist;
				INFOPLIST_KEY_UIApplicationSupportsIndirectInputEvents = YES;
				INFOPLIST_KEY_UILaunchStoryboardName = LaunchScreen;
				INFOPLIST_KEY_UIMainStoryboardFile = Main;
				INFOPLIST_KEY_UISupportedInterfaceOrientations = "UIInterfaceOrientationPortrait UIInterfaceOrientationLandscapeLeft UIInterfaceOrientationLandscapeRight";
				INFOPLIST_KEY_UISupportedInterfaceOrientations_iPad = "UIInterfaceOrientationPortrait UIInterfaceOrientationPortraitUpsideDown UIInterfaceOrientationLandscapeLeft UIInterfaceOrientationLandscapeRight";
				INFOPLIST_KEY_UISupportedInterfaceOrientations_iPhone = "UIInterfaceOrientationPortrait UIInterfaceOrientationLandscapeLeft UIInterfaceOrientationLandscapeRight";
				IPHONEOS_DEPLOYMENT_TARGET = 15.0;
				LD_RUNPATH_SEARCH_PATHS = (
					"$(inherited)",
					"@executable_path/Frameworks",
				);
				MARKETING_VERSION = 1.0;
				PRODUCT_BUNDLE_IDENTIFIER = Basic.MyQuizzler;
				PRODUCT_NAME = "$(TARGET_NAME)";
				SWIFT_EMIT_LOC_STRINGS = YES;
				SWIFT_VERSION = 5.0;
				TARGETED_DEVICE_FAMILY = 1;
			};
			name = Release;
		};
/* End XCBuildConfiguration section */

/* Begin XCConfigurationList section */
		AFD2F23E298C026B00190CA7 /* Build configuration list for PBXProject "MyQuizzler" */ = {
			isa = XCConfigurationList;
			buildConfigurations = (
				AFD2F255298C026C00190CA7 /* Debug */,
				AFD2F256298C026C00190CA7 /* Release */,
			);
			defaultConfigurationIsVisible = 0;
			defaultConfigurationName = Release;
		};
		AFD2F257298C026C00190CA7 /* Build configuration list for PBXNativeTarget "MyQuizzler" */ = {
			isa = XCConfigurationList;
			buildConfigurations = (
				AFD2F258298C026C00190CA7 /* Debug */,
				AFD2F259298C026C00190CA7 /* Release */,
			);
			defaultConfigurationIsVisible = 0;
			defaultConfigurationName = Release;
		};
/* End XCConfigurationList section */
	};
	rootObject = AFD2F23B298C026B00190CA7 /* Project object */;
}
